# THIS IS AN AUTOGENERATED FILE. DO NOT EDIT THIS FILE DIRECTLY.
# yarn lockfile v1


"@babel/helper-validator-identifier@^7.14.8":
  version "7.14.8"
  resolved "https://registry.nlark.com/@babel/helper-validator-identifier/download/@babel/helper-validator-identifier-7.14.8.tgz#32be33a756f29e278a0d644fa08a2c9e0f88a34c"
  integrity sha1-Mr4zp1bynieKDWRPoIosng+Io0w=

"@babel/parser@^7.12.0", "@babel/parser@^7.13.9":
  version "7.14.8"
  resolved "https://registry.nlark.com/@babel/parser/download/@babel/parser-7.14.8.tgz#66fd41666b2d7b840bd5ace7f7416d5ac60208d4"
  integrity sha1-Zv1BZmste4QL1azn90FtWsYCCNQ=

"@babel/types@^7.12.0", "@babel/types@^7.13.0":
  version "7.14.8"
  resolved "https://registry.nlark.com/@babel/types/download/@babel/types-7.14.8.tgz#38109de8fcadc06415fbd9b74df0065d4d41c728"
  integrity sha1-OBCd6PytwGQV+9m3TfAGXU1Bxyg=
  dependencies:
    "@babel/helper-validator-identifier" "^7.14.8"
    to-fast-properties "^2.0.0"

"@milkdown/core@^4.6.7":
  version "4.6.7"
  resolved "https://registry.nlark.com/@milkdown/core/download/@milkdown/core-4.6.7.tgz#cb86c288f40bbc5b10cc387b3143a925bac17cb4"
  integrity sha1-y4bCiPQLvFsQzDh7MUOpJbrBfLQ=
  dependencies:
    "@types/lodash-es" "^4.17.4"
    "@types/prosemirror-commands" "^1.0.4"
    "@types/prosemirror-inputrules" "^1.0.4"
    "@types/prosemirror-keymap" "^1.0.4"
    "@types/prosemirror-model" "^1.12.0"
    "@types/prosemirror-state" "^1.2.6"
    "@types/prosemirror-view" "^1.17.1"
    lodash-es "^4.17.21"
    prosemirror-commands "^1.1.7"
    prosemirror-inputrules "^1.1.3"
    prosemirror-keymap "^1.1.4"
    prosemirror-model "^1.13.3"
    prosemirror-state "^1.3.4"
    prosemirror-view "^1.18.2"
    remark "^13.0.0"
    tslib "^2.2.0"
    unified "^9.2.1"

"@milkdown/preset-commonmark@^4.6.7":
  version "4.6.7"
  resolved "https://registry.nlark.com/@milkdown/preset-commonmark/download/@milkdown/preset-commonmark-4.6.7.tgz#d1bb2f2211a3ac781bb459796b492c3cd8bf1cf0"
  integrity sha1-0bsvIhGjrHgbtFl5a0ksPNi/HPA=
  dependencies:
    "@milkdown/utils" " *"
    "@types/prosemirror-schema-list" "^1.0.3"
    prosemirror-schema-list "^1.1.4"
    tslib "^2.2.0"

"@milkdown/theme-nord@^4.6.7":
  version "4.6.7"
  resolved "https://registry.nlark.com/@milkdown/theme-nord/download/@milkdown/theme-nord-4.6.7.tgz#0343bcbb6615e9f548b68f6b6c47d5c7301e9262"
  integrity sha1-A0O8u2YV6fVIto9rbEfVxzAekmI=

"@milkdown/utils@ *", "@milkdown/utils@4.6.7":
  version "4.6.7"
  resolved "https://registry.nlark.com/@milkdown/utils/download/@milkdown/utils-4.6.7.tgz#f3d541b5650319987b3a06cb9da87ede1f55b804"
  integrity sha1-89VBtWUDGZh7OgbLnah+3h9VuAQ=
  dependencies:
    "@types/lodash-es" "^4.17.4"
    lodash-es "^4.17.21"
    tslib "^2.2.0"

"@milkdown/vue@^4.6.7":
  version "4.6.7"
  resolved "https://registry.nlark.com/@milkdown/vue/download/@milkdown/vue-4.6.7.tgz#54a3a30a84ec3e928305656963887d82f2781ad6"
  integrity sha1-VKOjCoTsPpKDBWVpY4h9gvJ4GtY=
  dependencies:
    "@milkdown/utils" "4.6.7"
    tslib "^2.2.0"

"@types/estree@^0.0.48":
  version "0.0.48"
  resolved "https://registry.nlark.com/@types/estree/download/@types/estree-0.0.48.tgz?cache=0&sync_timestamp=1625598996573&other_urls=https%3A%2F%2Fregistry.nlark.com%2F%40types%2Festree%2Fdownload%2F%40types%2Festree-0.0.48.tgz#18dc8091b285df90db2f25aa7d906cfc394b7f74"
  integrity sha1-GNyAkbKF35DbLyWqfZBs/DlLf3Q=

"@types/lodash-es@^4.17.4":
  version "4.17.4"
  resolved "https://registry.nlark.com/@types/lodash-es/download/@types/lodash-es-4.17.4.tgz?cache=0&sync_timestamp=1621241672936&other_urls=https%3A%2F%2Fregistry.nlark.com%2F%40types%2Flodash-es%2Fdownload%2F%40types%2Flodash-es-4.17.4.tgz#b2e440d2bf8a93584a9fd798452ec497986c9b97"
  integrity sha1-suRA0r+Kk1hKn9eYRS7El5hsm5c=
  dependencies:
    "@types/lodash" "*"

"@types/lodash@*":
  version "4.14.171"
  resolved "https://registry.nlark.com/@types/lodash/download/@types/lodash-4.14.171.tgz#f01b3a5fe3499e34b622c362a46a609fdb23573b"
  integrity sha1-8Bs6X+NJnjS2IsNipGpgn9sjVzs=

"@types/mdast@^3.0.0":
  version "3.0.7"
  resolved "https://registry.nlark.com/@types/mdast/download/@types/mdast-3.0.7.tgz#cba63d0cc11eb1605cea5c0ad76e02684394166b"
  integrity sha1-y6Y9DMEesWBc6lwK124CaEOUFms=
  dependencies:
    "@types/unist" "*"

"@types/orderedmap@*":
  version "1.0.0"
  resolved "https://registry.nlark.com/@types/orderedmap/download/@types/orderedmap-1.0.0.tgz?cache=0&sync_timestamp=1621242092859&other_urls=https%3A%2F%2Fregistry.nlark.com%2F%40types%2Forderedmap%2Fdownload%2F%40types%2Forderedmap-1.0.0.tgz#807455a192bba52cbbb4517044bc82bdbfa8c596"
  integrity sha1-gHRVoZK7pSy7tFFwRLyCvb+oxZY=

"@types/prosemirror-commands@*", "@types/prosemirror-commands@^1.0.4":
  version "1.0.4"
  resolved "https://registry.nlark.com/@types/prosemirror-commands/download/@types/prosemirror-commands-1.0.4.tgz#d08551415127d93ae62e7239d30db0b5e7208e22"
  integrity sha1-0IVRQVEn2TrmLnI50w2wtecgjiI=
  dependencies:
    "@types/prosemirror-model" "*"
    "@types/prosemirror-state" "*"
    "@types/prosemirror-view" "*"

"@types/prosemirror-inputrules@^1.0.4":
  version "1.0.4"
  resolved "https://registry.nlark.com/@types/prosemirror-inputrules/download/@types/prosemirror-inputrules-1.0.4.tgz#4cb75054d954aa0f6f42099be05eb6c0e6958bae"
  integrity sha1-TLdQVNlUqg9vQgmb4F62wOaVi64=
  dependencies:
    "@types/prosemirror-model" "*"
    "@types/prosemirror-state" "*"

"@types/prosemirror-keymap@^1.0.4":
  version "1.0.4"
  resolved "https://registry.nlark.com/@types/prosemirror-keymap/download/@types/prosemirror-keymap-1.0.4.tgz#f73c79810e8d0e0a20d153d84f998f02e5afbc0c"
  integrity sha1-9zx5gQ6NDgog0VPYT5mPAuWvvAw=
  dependencies:
    "@types/prosemirror-commands" "*"
    "@types/prosemirror-model" "*"
    "@types/prosemirror-state" "*"
    "@types/prosemirror-view" "*"

"@types/prosemirror-model@*", "@types/prosemirror-model@^1.12.0":
  version "1.13.1"
  resolved "https://registry.nlark.com/@types/prosemirror-model/download/@types/prosemirror-model-1.13.1.tgz#53df04ee174a7e1dc12747005b1b4c02565adcc4"
  integrity sha1-U98E7hdKfh3BJ0cAWxtMAlZa3MQ=
  dependencies:
    "@types/orderedmap" "*"

"@types/prosemirror-schema-list@^1.0.3":
  version "1.0.3"
  resolved "https://registry.nlark.com/@types/prosemirror-schema-list/download/@types/prosemirror-schema-list-1.0.3.tgz#bdf1893a7915fbdc5c49b3cac9368e96213d70de"
  integrity sha1-vfGJOnkV+9xcSbPKyTaOliE9cN4=
  dependencies:
    "@types/orderedmap" "*"
    "@types/prosemirror-model" "*"
    "@types/prosemirror-state" "*"

"@types/prosemirror-state@*", "@types/prosemirror-state@^1.2.6":
  version "1.2.7"
  resolved "https://registry.nlark.com/@types/prosemirror-state/download/@types/prosemirror-state-1.2.7.tgz#cd55062e4043a31e3426f47668f1d7038b5d8dfb"
  integrity sha1-zVUGLkBDox40JvR2aPHXA4tdjfs=
  dependencies:
    "@types/prosemirror-model" "*"
    "@types/prosemirror-transform" "*"
    "@types/prosemirror-view" "*"

"@types/prosemirror-transform@*":
  version "1.1.4"
  resolved "https://registry.nlark.com/@types/prosemirror-transform/download/@types/prosemirror-transform-1.1.4.tgz#c3565e81b2ef3ce3254e6927d6f63eb8d7bb20d0"
  integrity sha1-w1ZegbLvPOMlTmkn1vY+uNe7INA=
  dependencies:
    "@types/prosemirror-model" "*"

"@types/prosemirror-view@*", "@types/prosemirror-view@^1.17.1":
  version "1.18.0"
  resolved "https://registry.nlark.com/@types/prosemirror-view/download/@types/prosemirror-view-1.18.0.tgz#3ec23f48f0d8d9fe290a9bd43a91ce0622bec9b1"
  integrity sha1-PsI/SPDY2f4pCpvUOpHOBiK+ybE=
  dependencies:
    "@types/prosemirror-model" "*"
    "@types/prosemirror-state" "*"
    "@types/prosemirror-transform" "*"

"@types/unist@*", "@types/unist@^2.0.0", "@types/unist@^2.0.2":
  version "2.0.6"
  resolved "https://registry.nlark.com/@types/unist/download/@types/unist-2.0.6.tgz#250a7b16c3b91f672a24552ec64678eeb1d3a08d"
  integrity sha1-JQp7FsO5H2cqJFUuxkZ47rHToI0=

"@vitejs/plugin-vue@^1.2.5":
  version "1.2.5"
  resolved "https://registry.nlark.com/@vitejs/plugin-vue/download/@vitejs/plugin-vue-1.2.5.tgz?cache=0&sync_timestamp=1626093026011&other_urls=https%3A%2F%2Fregistry.nlark.com%2F%40vitejs%2Fplugin-vue%2Fdownload%2F%40vitejs%2Fplugin-vue-1.2.5.tgz#ef7dc4a92e53fe866b54bcc1266788513262ac09"
  integrity sha1-733EqS5T/oZrVLzBJmeIUTJirAk=

"@vue/compiler-core@3.1.5":
  version "3.1.5"
  resolved "https://registry.nlark.com/@vue/compiler-core/download/@vue/compiler-core-3.1.5.tgz#298f905b6065d6d81ff63756f98c60876b393c87"
  integrity sha1-KY+QW2Bl1tgf9jdW+Yxgh2s5PIc=
  dependencies:
    "@babel/parser" "^7.12.0"
    "@babel/types" "^7.12.0"
    "@vue/shared" "3.1.5"
    estree-walker "^2.0.1"
    source-map "^0.6.1"

"@vue/compiler-dom@3.1.5":
  version "3.1.5"
  resolved "https://registry.nlark.com/@vue/compiler-dom/download/@vue/compiler-dom-3.1.5.tgz#cbb97020c62a5faa3fbc2a97916bd98041ac9856"
  integrity sha1-y7lwIMYqX6o/vCqXkWvZgEGsmFY=
  dependencies:
    "@vue/compiler-core" "3.1.5"
    "@vue/shared" "3.1.5"

"@vue/compiler-sfc@^3.0.5":
  version "3.1.5"
  resolved "https://registry.nlark.com/@vue/compiler-sfc/download/@vue/compiler-sfc-3.1.5.tgz#e61e54f3a963b0f4a8e523fbb8632390dc52b0d6"
  integrity sha1-5h5U86ljsPSo5SP7uGMjkNxSsNY=
  dependencies:
    "@babel/parser" "^7.13.9"
    "@babel/types" "^7.13.0"
    "@types/estree" "^0.0.48"
    "@vue/compiler-core" "3.1.5"
    "@vue/compiler-dom" "3.1.5"
    "@vue/compiler-ssr" "3.1.5"
    "@vue/shared" "3.1.5"
    consolidate "^0.16.0"
    estree-walker "^2.0.1"
    hash-sum "^2.0.0"
    lru-cache "^5.1.1"
    magic-string "^0.25.7"
    merge-source-map "^1.1.0"
    postcss "^8.1.10"
    postcss-modules "^4.0.0"
    postcss-selector-parser "^6.0.4"
    source-map "^0.6.1"

"@vue/compiler-ssr@3.1.5":
  version "3.1.5"
  resolved "https://registry.nlark.com/@vue/compiler-ssr/download/@vue/compiler-ssr-3.1.5.tgz#f068652774293256a1e53084bed48a67682df9d2"
  integrity sha1-8GhlJ3QpMlah5TCEvtSKZ2gt+dI=
  dependencies:
    "@vue/compiler-dom" "3.1.5"
    "@vue/shared" "3.1.5"

"@vue/reactivity@3.1.5":
  version "3.1.5"
  resolved "https://registry.nlark.com/@vue/reactivity/download/@vue/reactivity-3.1.5.tgz#dbec4d9557f7c8f25c2635db1e23a78a729eb991"
  integrity sha1-2+xNlVf3yPJcJjXbHiOninKeuZE=
  dependencies:
    "@vue/shared" "3.1.5"

"@vue/runtime-core@3.1.5":
  version "3.1.5"
  resolved "https://registry.nlark.com/@vue/runtime-core/download/@vue/runtime-core-3.1.5.tgz#a545b7f146092929cb5e833e85439150f17ac87b"
  integrity sha1-pUW38UYJKSnLXoM+hUORUPF6yHs=
  dependencies:
    "@vue/reactivity" "3.1.5"
    "@vue/shared" "3.1.5"

"@vue/runtime-dom@3.1.5":
  version "3.1.5"
  resolved "https://registry.nlark.com/@vue/runtime-dom/download/@vue/runtime-dom-3.1.5.tgz#4fa28947d408aa368fa17ea0edc1beb9af1472a1"
  integrity sha1-T6KJR9QIqjaPoX6g7cG+ua8UcqE=
  dependencies:
    "@vue/runtime-core" "3.1.5"
    "@vue/shared" "3.1.5"
    csstype "^2.6.8"

"@vue/shared@3.1.5":
  version "3.1.5"
  resolved "https://registry.nlark.com/@vue/shared/download/@vue/shared-3.1.5.tgz?cache=0&other_urls=https%3A%2F%2Fregistry.nlark.com%2F%40vue%2Fshared%2Fdownload%2F%40vue%2Fshared-3.1.5.tgz#74ee3aad995d0a3996a6bb9533d4d280514ede03"
  integrity sha1-dO46rZldCjmWpruVM9TSgFFO3gM=

bail@^1.0.0:
  version "1.0.5"
  resolved "https://registry.nlark.com/bail/download/bail-1.0.5.tgz?cache=0&sync_timestamp=1621397637411&other_urls=https%3A%2F%2Fregistry.nlark.com%2Fbail%2Fdownload%2Fbail-1.0.5.tgz#b6fa133404a392cbc1f8c4bf63f5953351e7a776"
  integrity sha1-tvoTNASjksvB+MS/Y/WVM1Hnp3Y=

big.js@^5.2.2:
  version "5.2.2"
  resolved "https://registry.nlark.com/big.js/download/big.js-5.2.2.tgz?cache=0&sync_timestamp=1620132748267&other_urls=https%3A%2F%2Fregistry.nlark.com%2Fbig.js%2Fdownload%2Fbig.js-5.2.2.tgz#65f0af382f578bcdc742bd9c281e9cb2d7768328"
  integrity sha1-ZfCvOC9Xi83HQr2cKB6cstd2gyg=

bluebird@^3.7.2:
  version "3.7.2"
  resolved "https://registry.nlark.com/bluebird/download/bluebird-3.7.2.tgz#9f229c15be272454ffa973ace0dbee79a1b0c36f"
  integrity sha1-nyKcFb4nJFT/qXOs4NvueaGww28=

character-entities-legacy@^1.0.0:
  version "1.1.4"
  resolved "https://registry.npm.taobao.org/character-entities-legacy/download/character-entities-legacy-1.1.4.tgz?cache=0&sync_timestamp=1615373299115&other_urls=https%3A%2F%2Fregistry.npm.taobao.org%2Fcharacter-entities-legacy%2Fdownload%2Fcharacter-entities-legacy-1.1.4.tgz#94bc1845dce70a5bb9d2ecc748725661293d8fc1"
  integrity sha1-lLwYRdznClu50uzHSHJWYSk9j8E=

character-entities@^1.0.0:
  version "1.2.4"
  resolved "https://registry.nlark.com/character-entities/download/character-entities-1.2.4.tgz#e12c3939b7eaf4e5b15e7ad4c5e28e1d48c5b16b"
  integrity sha1-4Sw5Obfq9OWxXnrUxeKOHUjFsWs=

character-reference-invalid@^1.0.0:
  version "1.1.4"
  resolved "https://registry.npm.taobao.org/character-reference-invalid/download/character-reference-invalid-1.1.4.tgz#083329cda0eae272ab3dbbf37e9a382c13af1560"
  integrity sha1-CDMpzaDq4nKrPbvzfpo4LBOvFWA=

colorette@^1.2.2:
  version "1.2.2"
  resolved "https://registry.nlark.com/colorette/download/colorette-1.2.2.tgz?cache=0&sync_timestamp=1618846981554&other_urls=https%3A%2F%2Fregistry.nlark.com%2Fcolorette%2Fdownload%2Fcolorette-1.2.2.tgz#cbcc79d5e99caea2dbf10eb3a26fd8b3e6acfa94"
  integrity sha1-y8x51emcrqLb8Q6zom/Ys+as+pQ=

consolidate@^0.16.0:
  version "0.16.0"
  resolved "https://registry.nlark.com/consolidate/download/consolidate-0.16.0.tgz#a11864768930f2f19431660a65906668f5fbdc16"
  integrity sha1-oRhkdokw8vGUMWYKZZBmaPX73BY=
  dependencies:
    bluebird "^3.7.2"

cssesc@^3.0.0:
  version "3.0.0"
  resolved "https://registry.nlark.com/cssesc/download/cssesc-3.0.0.tgz#37741919903b868565e1c09ea747445cd18983ee"
  integrity sha1-N3QZGZA7hoVl4cCep0dEXNGJg+4=

csstype@^2.6.8:
  version "2.6.17"
  resolved "https://registry.nlark.com/csstype/download/csstype-2.6.17.tgz#4cf30eb87e1d1a005d8b6510f95292413f6a1c0e"
  integrity sha1-TPMOuH4dGgBdi2UQ+VKSQT9qHA4=

debug@^4.0.0:
  version "4.3.2"
  resolved "https://registry.nlark.com/debug/download/debug-4.3.2.tgz?cache=0&sync_timestamp=1625374648057&other_urls=https%3A%2F%2Fregistry.nlark.com%2Fdebug%2Fdownload%2Fdebug-4.3.2.tgz#f0a49c18ac8779e31d4a0c6029dfb76873c7428b"
  integrity sha1-8KScGKyHeeMdSgxgKd+3aHPHQos=
  dependencies:
    ms "2.1.2"

emojis-list@^3.0.0:
  version "3.0.0"
  resolved "https://registry.nlark.com/emojis-list/download/emojis-list-3.0.0.tgz#5570662046ad29e2e916e71aae260abdff4f6a78"
  integrity sha1-VXBmIEatKeLpFucariYKvf9Pang=

esbuild@^0.12.8:
  version "0.12.15"
  resolved "https://registry.nlark.com/esbuild/download/esbuild-0.12.15.tgz#9d99cf39aeb2188265c5983e983e236829f08af0"
  integrity sha1-nZnPOa6yGIJlxZg+mD4jaCnwivA=

estree-walker@^2.0.1:
  version "2.0.2"
  resolved "https://registry.npm.taobao.org/estree-walker/download/estree-walker-2.0.2.tgz#52f010178c2a4c117a7757cfe942adb7d2da4cac"
  integrity sha1-UvAQF4wqTBF6d1fP6UKtt9LaTKw=

extend@^3.0.0:
  version "3.0.2"
  resolved "https://registry.nlark.com/extend/download/extend-3.0.2.tgz#f8b1136b4071fbd8eb140aff858b1019ec2915fa"
  integrity sha1-+LETa0Bx+9jrFAr/hYsQGewpFfo=

fsevents@~2.3.2:
  version "2.3.2"
  resolved "https://registry.nlark.com/fsevents/download/fsevents-2.3.2.tgz#8a526f78b8fdf4623b709e0b975c52c24c02fd1a"
  integrity sha1-ilJveLj99GI7cJ4Ll1xSwkwC/Ro=

function-bind@^1.1.1:
  version "1.1.1"
  resolved "https://registry.nlark.com/function-bind/download/function-bind-1.1.1.tgz#a56899d3ea3c9bab874bb9773b7c5ede92f4895d"
  integrity sha1-pWiZ0+o8m6uHS7l3O3xe3pL0iV0=

generic-names@^2.0.1:
  version "2.0.1"
  resolved "https://registry.npm.taobao.org/generic-names/download/generic-names-2.0.1.tgz#f8a378ead2ccaa7a34f0317b05554832ae41b872"
  integrity sha1-+KN46tLMqno08DF7BVVIMq5BuHI=
  dependencies:
    loader-utils "^1.1.0"

has@^1.0.3:
  version "1.0.3"
  resolved "https://registry.nlark.com/has/download/has-1.0.3.tgz#722d7cbfc1f6aa8241f16dd814e011e1f41e8796"
  integrity sha1-ci18v8H2qoJB8W3YFOAR4fQeh5Y=
  dependencies:
    function-bind "^1.1.1"

hash-sum@^2.0.0:
  version "2.0.0"
  resolved "https://registry.npm.taobao.org/hash-sum/download/hash-sum-2.0.0.tgz#81d01bb5de8ea4a214ad5d6ead1b523460b0b45a"
  integrity sha1-gdAbtd6OpKIUrV1urRtSNGCwtFo=

icss-replace-symbols@^1.1.0:
  version "1.1.0"
  resolved "https://registry.npm.taobao.org/icss-replace-symbols/download/icss-replace-symbols-1.1.0.tgz#06ea6f83679a7749e386cfe1fe812ae5db223ded"
  integrity sha1-Bupvg2ead0njhs/h/oEq5dsiPe0=

icss-utils@^5.0.0:
  version "5.1.0"
  resolved "https://registry.nlark.com/icss-utils/download/icss-utils-5.1.0.tgz#c6be6858abd013d768e98366ae47e25d5887b1ae"
  integrity sha1-xr5oWKvQE9do6YNmrkfiXViHsa4=

is-alphabetical@^1.0.0:
  version "1.0.4"
  resolved "https://registry.npm.taobao.org/is-alphabetical/download/is-alphabetical-1.0.4.tgz?cache=0&sync_timestamp=1615453703061&other_urls=https%3A%2F%2Fregistry.npm.taobao.org%2Fis-alphabetical%2Fdownload%2Fis-alphabetical-1.0.4.tgz#9e7d6b94916be22153745d184c298cbf986a686d"
  integrity sha1-nn1rlJFr4iFTdF0YTCmMv5hqaG0=

is-alphanumerical@^1.0.0:
  version "1.0.4"
  resolved "https://registry.nlark.com/is-alphanumerical/download/is-alphanumerical-1.0.4.tgz#7eb9a2431f855f6b1ef1a78e326df515696c4dbf"
  integrity sha1-frmiQx+FX2se8aeOMm31FWlsTb8=
  dependencies:
    is-alphabetical "^1.0.0"
    is-decimal "^1.0.0"

is-buffer@^2.0.0:
  version "2.0.5"
  resolved "https://registry.npm.taobao.org/is-buffer/download/is-buffer-2.0.5.tgz?cache=0&sync_timestamp=1604429876103&other_urls=https%3A%2F%2Fregistry.npm.taobao.org%2Fis-buffer%2Fdownload%2Fis-buffer-2.0.5.tgz#ebc252e400d22ff8d77fa09888821a24a658c191"
  integrity sha1-68JS5ADSL/jXf6CYiIIaJKZYwZE=

is-core-module@^2.2.0:
  version "2.5.0"
  resolved "https://registry.nlark.com/is-core-module/download/is-core-module-2.5.0.tgz?cache=0&sync_timestamp=1626158731691&other_urls=https%3A%2F%2Fregistry.nlark.com%2Fis-core-module%2Fdownload%2Fis-core-module-2.5.0.tgz#f754843617c70bfd29b7bd87327400cda5c18491"
  integrity sha1-91SENhfHC/0pt72HMnQAzaXBhJE=
  dependencies:
    has "^1.0.3"

is-decimal@^1.0.0:
  version "1.0.4"
  resolved "https://registry.npm.taobao.org/is-decimal/download/is-decimal-1.0.4.tgz#65a3a5958a1c5b63a706e1b333d7cd9f630d3fa5"
  integrity sha1-ZaOllYocW2OnBuGzM9fNn2MNP6U=

is-hexadecimal@^1.0.0:
  version "1.0.4"
  resolved "https://registry.npm.taobao.org/is-hexadecimal/download/is-hexadecimal-1.0.4.tgz?cache=0&sync_timestamp=1615464641587&other_urls=https%3A%2F%2Fregistry.npm.taobao.org%2Fis-hexadecimal%2Fdownload%2Fis-hexadecimal-1.0.4.tgz#cc35c97588da4bd49a8eedd6bc4082d44dcb23a7"
  integrity sha1-zDXJdYjaS9Saju3WvECC1E3LI6c=

is-plain-obj@^2.0.0:
  version "2.1.0"
  resolved "https://registry.nlark.com/is-plain-obj/download/is-plain-obj-2.1.0.tgz#45e42e37fccf1f40da8e5f76ee21515840c09287"
  integrity sha1-ReQuN/zPH0Dajl927iFRWEDAkoc=

json5@^1.0.1:
  version "1.0.1"
  resolved "https://registry.npm.taobao.org/json5/download/json5-1.0.1.tgz#779fb0018604fa854eacbf6252180d83543e3dbe"
  integrity sha1-d5+wAYYE+oVOrL9iUhgNg1Q+Pb4=
  dependencies:
    minimist "^1.2.0"

loader-utils@^1.1.0:
  version "1.4.0"
  resolved "https://registry.npm.taobao.org/loader-utils/download/loader-utils-1.4.0.tgz#c579b5e34cb34b1a74edc6c1fb36bfa371d5a613"
  integrity sha1-xXm140yzSxp07cbB+za/o3HVphM=
  dependencies:
    big.js "^5.2.2"
    emojis-list "^3.0.0"
    json5 "^1.0.1"

lodash-es@^4.17.21:
  version "4.17.21"
  resolved "https://registry.npm.taobao.org/lodash-es/download/lodash-es-4.17.21.tgz?cache=0&sync_timestamp=1613836185353&other_urls=https%3A%2F%2Fregistry.npm.taobao.org%2Flodash-es%2Fdownload%2Flodash-es-4.17.21.tgz#43e626c46e6591b7750beb2b50117390c609e3ee"
  integrity sha1-Q+YmxG5lkbd1C+srUBFzkMYJ4+4=

lodash.camelcase@^4.3.0:
  version "4.3.0"
  resolved "https://registry.npm.taobao.org/lodash.camelcase/download/lodash.camelcase-4.3.0.tgz?cache=0&sync_timestamp=1577806297529&other_urls=https%3A%2F%2Fregistry.npm.taobao.org%2Flodash.camelcase%2Fdownload%2Flodash.camelcase-4.3.0.tgz#b28aa6288a2b9fc651035c7711f65ab6190331a6"
  integrity sha1-soqmKIorn8ZRA1x3EfZathkDMaY=

longest-streak@^2.0.0:
  version "2.0.4"
  resolved "https://registry.npm.taobao.org/longest-streak/download/longest-streak-2.0.4.tgz#b8599957da5b5dab64dee3fe316fa774597d90e4"
  integrity sha1-uFmZV9pbXatk3uP+MW+ndFl9kOQ=

lru-cache@^5.1.1:
  version "5.1.1"
  resolved "https://registry.npm.taobao.org/lru-cache/download/lru-cache-5.1.1.tgz#1da27e6710271947695daf6848e847f01d84b920"
  integrity sha1-HaJ+ZxAnGUdpXa9oSOhH8B2EuSA=
  dependencies:
    yallist "^3.0.2"

magic-string@^0.25.7:
  version "0.25.7"
  resolved "https://registry.npm.taobao.org/magic-string/download/magic-string-0.25.7.tgz#3f497d6fd34c669c6798dcb821f2ef31f5445051"
  integrity sha1-P0l9b9NMZpxnmNy4IfLvMfVEUFE=
  dependencies:
    sourcemap-codec "^1.4.4"

mdast-util-from-markdown@^0.8.0:
  version "0.8.5"
  resolved "https://registry.nlark.com/mdast-util-from-markdown/download/mdast-util-from-markdown-0.8.5.tgz#d1ef2ca42bc377ecb0463a987910dae89bd9a28c"
  integrity sha1-0e8spCvDd+ywRjqYeRDa6JvZoow=
  dependencies:
    "@types/mdast" "^3.0.0"
    mdast-util-to-string "^2.0.0"
    micromark "~2.11.0"
    parse-entities "^2.0.0"
    unist-util-stringify-position "^2.0.0"

mdast-util-to-markdown@^0.6.0:
  version "0.6.5"
  resolved "https://registry.nlark.com/mdast-util-to-markdown/download/mdast-util-to-markdown-0.6.5.tgz?cache=0&sync_timestamp=1624464790940&other_urls=https%3A%2F%2Fregistry.nlark.com%2Fmdast-util-to-markdown%2Fdownload%2Fmdast-util-to-markdown-0.6.5.tgz#b33f67ca820d69e6cc527a93d4039249b504bebe"
  integrity sha1-sz9nyoINaebMUnqT1AOSSbUEvr4=
  dependencies:
    "@types/unist" "^2.0.0"
    longest-streak "^2.0.0"
    mdast-util-to-string "^2.0.0"
    parse-entities "^2.0.0"
    repeat-string "^1.0.0"
    zwitch "^1.0.0"

mdast-util-to-string@^2.0.0:
  version "2.0.0"
  resolved "https://registry.nlark.com/mdast-util-to-string/download/mdast-util-to-string-2.0.0.tgz?cache=0&sync_timestamp=1619426190900&other_urls=https%3A%2F%2Fregistry.nlark.com%2Fmdast-util-to-string%2Fdownload%2Fmdast-util-to-string-2.0.0.tgz#b8cfe6a713e1091cb5b728fc48885a4767f8b97b"
  integrity sha1-uM/mpxPhCRy1tyj8SIhaR2f4uXs=

merge-source-map@^1.1.0:
  version "1.1.0"
  resolved "https://registry.npm.taobao.org/merge-source-map/download/merge-source-map-1.1.0.tgz#2fdde7e6020939f70906a68f2d7ae685e4c8c646"
  integrity sha1-L93n5gIJOfcJBqaPLXrmheTIxkY=
  dependencies:
    source-map "^0.6.1"

micromark@~2.11.0:
  version "2.11.4"
  resolved "https://registry.nlark.com/micromark/download/micromark-2.11.4.tgz?cache=0&other_urls=https%3A%2F%2Fregistry.nlark.com%2Fmicromark%2Fdownload%2Fmicromark-2.11.4.tgz#d13436138eea826383e822449c9a5c50ee44665a"
  integrity sha1-0TQ2E47qgmOD6CJEnJpcUO5EZlo=
  dependencies:
    debug "^4.0.0"
    parse-entities "^2.0.0"

minimist@^1.2.0:
  version "1.2.5"
  resolved "https://registry.npm.taobao.org/minimist/download/minimist-1.2.5.tgz#67d66014b66a6a8aaa0c083c5fd58df4e4e97602"
  integrity sha1-Z9ZgFLZqaoqqDAg8X9WN9OTpdgI=

ms@2.1.2:
  version "2.1.2"
  resolved "https://registry.npm.taobao.org/ms/download/ms-2.1.2.tgz?cache=0&sync_timestamp=1607433899126&other_urls=https%3A%2F%2Fregistry.npm.taobao.org%2Fms%2Fdownload%2Fms-2.1.2.tgz#d09d1f357b443f493382a8eb3ccd183872ae6009"
  integrity sha1-0J0fNXtEP0kzgqjrPM0YOHKuYAk=

nanoid@^3.1.23:
  version "3.1.23"
  resolved "https://registry.nlark.com/nanoid/download/nanoid-3.1.23.tgz?cache=0&sync_timestamp=1620673983269&other_urls=https%3A%2F%2Fregistry.nlark.com%2Fnanoid%2Fdownload%2Fnanoid-3.1.23.tgz#f744086ce7c2bc47ee0a8472574d5c78e4183a81"
  integrity sha1-90QIbOfCvEfuCoRyV01ceOQYOoE=

orderedmap@^1.1.0:
  version "1.1.1"
  resolved "https://registry.npm.taobao.org/orderedmap/download/orderedmap-1.1.1.tgz#c618e77611b3b21d0fe3edc92586265e0059c789"
  integrity sha1-xhjndhGzsh0P4+3JJYYmXgBZx4k=

parse-entities@^2.0.0:
  version "2.0.0"
  resolved "https://registry.npm.taobao.org/parse-entities/download/parse-entities-2.0.0.tgz#53c6eb5b9314a1f4ec99fa0fdf7ce01ecda0cbe8"
  integrity sha1-U8brW5MUofTsmfoP33zgHs2gy+g=
  dependencies:
    character-entities "^1.0.0"
    character-entities-legacy "^1.0.0"
    character-reference-invalid "^1.0.0"
    is-alphanumerical "^1.0.0"
    is-decimal "^1.0.0"
    is-hexadecimal "^1.0.0"

path-parse@^1.0.6:
  version "1.0.7"
  resolved "https://registry.nlark.com/path-parse/download/path-parse-1.0.7.tgz#fbc114b60ca42b30d9daf5858e4bd68bbedb6735"
  integrity sha1-+8EUtgykKzDZ2vWFjkvWi77bZzU=

postcss-modules-extract-imports@^3.0.0:
  version "3.0.0"
  resolved "https://registry.nlark.com/postcss-modules-extract-imports/download/postcss-modules-extract-imports-3.0.0.tgz#cda1f047c0ae80c97dbe28c3e76a43b88025741d"
  integrity sha1-zaHwR8CugMl9vijD52pDuIAldB0=

postcss-modules-local-by-default@^4.0.0:
  version "4.0.0"
  resolved "https://registry.npm.taobao.org/postcss-modules-local-by-default/download/postcss-modules-local-by-default-4.0.0.tgz?cache=0&sync_timestamp=1602587625149&other_urls=https%3A%2F%2Fregistry.npm.taobao.org%2Fpostcss-modules-local-by-default%2Fdownload%2Fpostcss-modules-local-by-default-4.0.0.tgz#ebbb54fae1598eecfdf691a02b3ff3b390a5a51c"
  integrity sha1-67tU+uFZjuz99pGgKz/zs5ClpRw=
  dependencies:
    icss-utils "^5.0.0"
    postcss-selector-parser "^6.0.2"
    postcss-value-parser "^4.1.0"

postcss-modules-scope@^3.0.0:
  version "3.0.0"
  resolved "https://registry.npm.taobao.org/postcss-modules-scope/download/postcss-modules-scope-3.0.0.tgz#9ef3151456d3bbfa120ca44898dfca6f2fa01f06"
  integrity sha1-nvMVFFbTu/oSDKRImN/Kby+gHwY=
  dependencies:
    postcss-selector-parser "^6.0.4"

postcss-modules-values@^4.0.0:
  version "4.0.0"
  resolved "https://registry.nlark.com/postcss-modules-values/download/postcss-modules-values-4.0.0.tgz#d7c5e7e68c3bb3c9b27cbf48ca0bb3ffb4602c9c"
  integrity sha1-18Xn5ow7s8myfL9Iyguz/7RgLJw=
  dependencies:
    icss-utils "^5.0.0"

postcss-modules@^4.0.0:
  version "4.2.2"
  resolved "https://registry.nlark.com/postcss-modules/download/postcss-modules-4.2.2.tgz#5e7777c5a8964ea176919d90b2e54ef891321ce5"
  integrity sha1-Xnd3xaiWTqF2kZ2QsuVO+JEyHOU=
  dependencies:
    generic-names "^2.0.1"
    icss-replace-symbols "^1.1.0"
    lodash.camelcase "^4.3.0"
    postcss-modules-extract-imports "^3.0.0"
    postcss-modules-local-by-default "^4.0.0"
    postcss-modules-scope "^3.0.0"
    postcss-modules-values "^4.0.0"
    string-hash "^1.1.1"

postcss-selector-parser@^6.0.2, postcss-selector-parser@^6.0.4:
  version "6.0.6"
  resolved "https://registry.nlark.com/postcss-selector-parser/download/postcss-selector-parser-6.0.6.tgz?cache=0&sync_timestamp=1620752924836&other_urls=https%3A%2F%2Fregistry.nlark.com%2Fpostcss-selector-parser%2Fdownload%2Fpostcss-selector-parser-6.0.6.tgz#2c5bba8174ac2f6981ab631a42ab0ee54af332ea"
  integrity sha1-LFu6gXSsL2mBq2MaQqsO5UrzMuo=
  dependencies:
    cssesc "^3.0.0"
    util-deprecate "^1.0.2"

postcss-value-parser@^4.1.0:
  version "4.1.0"
  resolved "https://registry.nlark.com/postcss-value-parser/download/postcss-value-parser-4.1.0.tgz#443f6a20ced6481a2bda4fa8532a6e55d789a2cb"
  integrity sha1-RD9qIM7WSBor2k+oUypuVdeJoss=

postcss@^8.1.10, postcss@^8.3.5:
  version "8.3.6"
  resolved "https://registry.nlark.com/postcss/download/postcss-8.3.6.tgz?cache=0&sync_timestamp=1626882933935&other_urls=https%3A%2F%2Fregistry.nlark.com%2Fpostcss%2Fdownload%2Fpostcss-8.3.6.tgz#2730dd76a97969f37f53b9a6096197be311cc4ea"
  integrity sha1-JzDddql5afN/U7mmCWGXvjEcxOo=
  dependencies:
    colorette "^1.2.2"
    nanoid "^3.1.23"
    source-map-js "^0.6.2"

prosemirror-commands@^1.1.7:
  version "1.1.10"
  resolved "https://registry.nlark.com/prosemirror-commands/download/prosemirror-commands-1.1.10.tgz#406a6589966e6cd80809cea2d801fb998639b37d"
  integrity sha1-QGpliZZubNgICc6i2AH7mYY5s30=
  dependencies:
    prosemirror-model "^1.0.0"
    prosemirror-state "^1.0.0"
    prosemirror-transform "^1.0.0"

prosemirror-inputrules@^1.1.3:
  version "1.1.3"
  resolved "https://registry.npm.taobao.org/prosemirror-inputrules/download/prosemirror-inputrules-1.1.3.tgz#93f9199ca02473259c30d7e352e4c14022d54638"
  integrity sha1-k/kZnKAkcyWcMNfjUuTBQCLVRjg=
  dependencies:
    prosemirror-state "^1.0.0"
    prosemirror-transform "^1.0.0"

prosemirror-keymap@^1.1.4:
  version "1.1.4"
  resolved "https://registry.npm.taobao.org/prosemirror-keymap/download/prosemirror-keymap-1.1.4.tgz#8b481bf8389a5ac40d38dbd67ec3da2c7eac6a6d"
  integrity sha1-i0gb+DiaWsQNONvWfsPaLH6sam0=
  dependencies:
    prosemirror-state "^1.0.0"
    w3c-keyname "^2.2.0"

prosemirror-model@^1.0.0, prosemirror-model@^1.13.3, prosemirror-model@^1.14.3:
  version "1.14.3"
  resolved "https://registry.nlark.com/prosemirror-model/download/prosemirror-model-1.14.3.tgz?cache=0&sync_timestamp=1626945332397&other_urls=https%3A%2F%2Fregistry.nlark.com%2Fprosemirror-model%2Fdownload%2Fprosemirror-model-1.14.3.tgz#a9c250d3c4023ddf10ecb41a0a7a130e9741d37e"
  integrity sha1-qcJQ08QCPd8Q7LQaCnoTDpdB034=
  dependencies:
    orderedmap "^1.1.0"

prosemirror-schema-list@^1.1.4:
  version "1.1.5"
  resolved "https://registry.nlark.com/prosemirror-schema-list/download/prosemirror-schema-list-1.1.5.tgz#e7ad9e337ea3d77da6d6a4250f3d7bd51ae980a4"
  integrity sha1-562eM36j132m1qQlDz171RrpgKQ=
  dependencies:
    prosemirror-model "^1.0.0"
    prosemirror-transform "^1.0.0"

prosemirror-state@^1.0.0, prosemirror-state@^1.3.4:
  version "1.3.4"
  resolved "https://registry.npm.taobao.org/prosemirror-state/download/prosemirror-state-1.3.4.tgz#4c6b52628216e753fc901c6d2bfd84ce109e8952"
  integrity sha1-TGtSYoIW51P8kBxtK/2EzhCeiVI=
  dependencies:
    prosemirror-model "^1.0.0"
    prosemirror-transform "^1.0.0"

prosemirror-transform@^1.0.0, prosemirror-transform@^1.1.0:
  version "1.3.2"
  resolved "https://registry.npm.taobao.org/prosemirror-transform/download/prosemirror-transform-1.3.2.tgz#5620ebe7379e6fae4f34ecc881886cb22ce96579"
  integrity sha1-ViDr5zeeb65PNOzIgYhssizpZXk=
  dependencies:
    prosemirror-model "^1.0.0"

prosemirror-view@^1.18.2:
  version "1.18.11"
  resolved "https://registry.nlark.com/prosemirror-view/download/prosemirror-view-1.18.11.tgz#1a839508e7cb6d500a95512af8079661f9e36034"
  integrity sha1-GoOVCOfLbVAKlVEq+AeWYfnjYDQ=
  dependencies:
    prosemirror-model "^1.14.3"
    prosemirror-state "^1.0.0"
    prosemirror-transform "^1.1.0"

remark-parse@^9.0.0:
  version "9.0.0"
  resolved "https://registry.nlark.com/remark-parse/download/remark-parse-9.0.0.tgz#4d20a299665880e4f4af5d90b7c7b8a935853640"
  integrity sha1-TSCimWZYgOT0r12Qt8e4qTWFNkA=
  dependencies:
    mdast-util-from-markdown "^0.8.0"

remark-stringify@^9.0.0:
  version "9.0.1"
  resolved "https://registry.nlark.com/remark-stringify/download/remark-stringify-9.0.1.tgz#576d06e910548b0a7191a71f27b33f1218862894"
  integrity sha1-V20G6RBUiwpxkacfJ7M/EhiGKJQ=
  dependencies:
    mdast-util-to-markdown "^0.6.0"

remark@^13.0.0:
  version "13.0.0"
  resolved "https://registry.npm.taobao.org/remark/download/remark-13.0.0.tgz?cache=0&sync_timestamp=1602663734069&other_urls=https%3A%2F%2Fregistry.npm.taobao.org%2Fremark%2Fdownload%2Fremark-13.0.0.tgz#d15d9bf71a402f40287ebe36067b66d54868e425"
  integrity sha1-0V2b9xpAL0Aofr42Bntm1Uho5CU=
  dependencies:
    remark-parse "^9.0.0"
    remark-stringify "^9.0.0"
    unified "^9.1.0"

repeat-string@^1.0.0:
  version "1.6.1"
  resolved "https://registry.nlark.com/repeat-string/download/repeat-string-1.6.1.tgz#8dcae470e1c88abc2d600fff4a776286da75e637"
  integrity sha1-jcrkcOHIirwtYA//Sndihtp15jc=

resolve@^1.20.0:
  version "1.20.0"
  resolved "https://registry.npm.taobao.org/resolve/download/resolve-1.20.0.tgz#629a013fb3f70755d6f0b7935cc1c2c5378b1975"
  integrity sha1-YpoBP7P3B1XW8LeTXMHCxTeLGXU=
  dependencies:
    is-core-module "^2.2.0"
    path-parse "^1.0.6"

rollup@^2.38.5:
  version "2.53.3"
  resolved "https://registry.nlark.com/rollup/download/rollup-2.53.3.tgz?cache=0&other_urls=https%3A%2F%2Fregistry.nlark.com%2Frollup%2Fdownload%2Frollup-2.53.3.tgz#14b0e57f0874d4ad23bdbb13050cf70bcd1eabf7"
  integrity sha1-FLDlfwh01K0jvbsTBQz3C80eq/c=
  optionalDependencies:
    fsevents "~2.3.2"

source-map-js@^0.6.2:
  version "0.6.2"
  resolved "https://registry.npm.taobao.org/source-map-js/download/source-map-js-0.6.2.tgz#0bb5de631b41cfbda6cfba8bd05a80efdfd2385e"
  integrity sha1-C7XeYxtBz72mz7qL0FqA79/SOF4=

source-map@^0.6.1:
  version "0.6.1"
  resolved "https://registry.nlark.com/source-map/download/source-map-0.6.1.tgz#74722af32e9614e9c287a8d0bbde48b5e2f1a263"
  integrity sha1-dHIq8y6WFOnCh6jQu95IteLxomM=

sourcemap-codec@^1.4.4:
  version "1.4.8"
  resolved "https://registry.npm.taobao.org/sourcemap-codec/download/sourcemap-codec-1.4.8.tgz#ea804bd94857402e6992d05a38ef1ae35a9ab4c4"
  integrity sha1-6oBL2UhXQC5pktBaOO8a41qatMQ=

string-hash@^1.1.1:
  version "1.1.3"
  resolved "https://registry.npm.taobao.org/string-hash/download/string-hash-1.1.3.tgz#e8aafc0ac1855b4666929ed7dd1275df5d6c811b"
  integrity sha1-6Kr8CsGFW0Zmkp7X3RJ1311sgRs=

to-fast-properties@^2.0.0:
  version "2.0.0"
  resolved "https://registry.npm.taobao.org/to-fast-properties/download/to-fast-properties-2.0.0.tgz#dc5e698cbd079265bc73e0377681a4e4e83f616e"
  integrity sha1-3F5pjL0HkmW8c+A3doGk5Og/YW4=

trough@^1.0.0:
  version "1.0.5"
  resolved "https://registry.nlark.com/trough/download/trough-1.0.5.tgz#b8b639cefad7d0bb2abd37d433ff8293efa5f406"
  integrity sha1-uLY5zvrX0LsqvTfUM/+Ck++l9AY=

tslib@^2.2.0:
  version "2.3.0"
  resolved "https://registry.nlark.com/tslib/download/tslib-2.3.0.tgz?cache=0&other_urls=https%3A%2F%2Fregistry.nlark.com%2Ftslib%2Fdownload%2Ftslib-2.3.0.tgz#803b8cdab3e12ba581a4ca41c8839bbb0dacb09e"
  integrity sha1-gDuM2rPhK6WBpMpByIObuw2ssJ4=

unified@^9.1.0, unified@^9.2.1:
  version "9.2.2"
  resolved "https://registry.nlark.com/unified/download/unified-9.2.2.tgz?cache=0&sync_timestamp=1626854111092&other_urls=https%3A%2F%2Fregistry.nlark.com%2Funified%2Fdownload%2Funified-9.2.2.tgz#67649a1abfc3ab85d2969502902775eb03146975"
  integrity sha1-Z2SaGr/Dq4XSlpUCkCd16wMUaXU=
  dependencies:
    bail "^1.0.0"
    extend "^3.0.0"
    is-buffer "^2.0.0"
    is-plain-obj "^2.0.0"
    trough "^1.0.0"
    vfile "^4.0.0"

unist-util-stringify-position@^2.0.0:
  version "2.0.3"
  resolved "https://registry.nlark.com/unist-util-stringify-position/download/unist-util-stringify-position-2.0.3.tgz#cce3bfa1cdf85ba7375d1d5b17bdc4cada9bd9da"
  integrity sha1-zOO/oc34W6c3XR1bF73Eytqb2do=
  dependencies:
    "@types/unist" "^2.0.2"

util-deprecate@^1.0.2:
  version "1.0.2"
  resolved "https://registry.npm.taobao.org/util-deprecate/download/util-deprecate-1.0.2.tgz#450d4dc9fa70de732762fbd2d4a28981419a0ccf"
  integrity sha1-RQ1Nyfpw3nMnYvvS1KKJgUGaDM8=

vfile-message@^2.0.0:
  version "2.0.4"
  resolved "https://registry.nlark.com/vfile-message/download/vfile-message-2.0.4.tgz#5b43b88171d409eae58477d13f23dd41d52c371a"
  integrity sha1-W0O4gXHUCerlhHfRPyPdQdUsNxo=
  dependencies:
    "@types/unist" "^2.0.0"
    unist-util-stringify-position "^2.0.0"

vfile@^4.0.0:
  version "4.2.1"
  resolved "https://registry.nlark.com/vfile/download/vfile-4.2.1.tgz?cache=0&sync_timestamp=1626166882861&other_urls=https%3A%2F%2Fregistry.nlark.com%2Fvfile%2Fdownload%2Fvfile-4.2.1.tgz#03f1dce28fc625c625bc6514350fbdb00fa9e624"
  integrity sha1-A/Hc4o/GJcYlvGUUNQ+9sA+p5iQ=
  dependencies:
    "@types/unist" "^2.0.0"
    is-buffer "^2.0.0"
    unist-util-stringify-position "^2.0.0"
    vfile-message "^2.0.0"

vite@^2.4.3:
  version "2.4.3"
  resolved "https://registry.nlark.com/vite/download/vite-2.4.3.tgz?cache=0&sync_timestamp=1626783291368&other_urls=https%3A%2F%2Fregistry.nlark.com%2Fvite%2Fdownload%2Fvite-2.4.3.tgz#fe4aa78e9dd7d36bcb12eccbd52313b26cfadf77"
  integrity sha1-/kqnjp3X02vLEuzL1SMTsmz633c=
  dependencies:
    esbuild "^0.12.8"
    postcss "^8.3.5"
    resolve "^1.20.0"
    rollup "^2.38.5"
  optionalDependencies:
    fsevents "~2.3.2"

vue@^3.0.5:
  version "3.1.5"
  resolved "https://registry.nlark.com/vue/download/vue-3.1.5.tgz#12879b11d0685ee4478c8869551799630a52f9fe"
  integrity sha1-EoebEdBoXuRHjIhpVReZYwpS+f4=
  dependencies:
    "@vue/compiler-dom" "3.1.5"
    "@vue/runtime-dom" "3.1.5"
    "@vue/shared" "3.1.5"

w3c-keyname@^2.2.0:
  version "2.2.4"
  resolved "https://registry.npm.taobao.org/w3c-keyname/download/w3c-keyname-2.2.4.tgz#4ade6916f6290224cdbd1db8ac49eab03d0eef6b"
  integrity sha1-St5pFvYpAiTNvR24rEnqsD0O72s=

yallist@^3.0.2:
  version "3.1.1"
  resolved "https://registry.nlark.com/yallist/download/yallist-3.1.1.tgz#dbb7daf9bfd8bac9ab45ebf602b8cbad0d5d08fd"
  integrity sha1-27fa+b/YusmrRev2ArjLrQ1dCP0=

zwitch@^1.0.0:
  version "1.0.5"
  resolved "https://registry.npm.taobao.org/zwitch/download/zwitch-1.0.5.tgz#d11d7381ffed16b742f6af7b3f223d5cd9fe9920"
  integrity sha1-0R1zgf/tFrdC9q97PyI9XNn+mSA=
